
Microsoft Visual Studio Solution File, Format Version 12.00
# Visual Studio Version 17
VisualStudioVersion = 17.2.32526.322
MinimumVisualStudioVersion = 10.0.40219.1
Project("{FAE04EC0-301F-11D3-BF4B-00C04F79EFBC}") = "ZEN", "ZEN\ZEN.csproj", "{CAE9F99C-BBC6-4418-8487-67307E197749}"
EndProject
Global
	GlobalSection(SolutionConfigurationPlatforms) = preSolution
		Debug|Any CPU = Debug|Any CPU
		Release|Any CPU = Release|Any CPU
	EndGlobalSection
	GlobalSection(ProjectConfigurationPlatforms) = postSolution
		{CAE9F99C-BBC6-4418-8487-67307E197749}.Debug|Any CPU.ActiveCfg = Debug|Any CPU
		{CAE9F99C-BBC6-4418-8487-67307E197749}.Debug|Any CPU.Build.0 = Debug|Any CPU
		{CAE9F99C-BBC6-4418-8487-67307E197749}.Release|Any CPU.ActiveCfg = Release|Any CPU
		{CAE9F99C-BBC6-4418-8487-67307E197749}.Release|Any CPU.Build.0 = Release|Any CPU
	EndGlobalSection
	GlobalSection(SolutionProperties) = preSolution
		HideSolutionNode = FALSE
	EndGlobalSection
	GlobalSection(ExtensibilityGlobals) = postSolution
		SolutionGuid = {C59759CF-B96A-4790-8234-8285685EF1A7}
	EndGlobalSection
EndGlobal
